
Microsoft Visual Studio Solution File, Format Version 11.00
# Visual Studio 2010
Project("{FAE04EC0-301F-11D3-BF4B-00C04F79EFBC}") = "KageKirin.ClangFormat.Editor", "KageKirin.ClangFormat.Editor.csproj", "{20565788-f411-eede-e0a2-7dfc0c56720d}"
EndProject
Global
	GlobalSection(SolutionConfigurationPlatforms) = preSolution
		Debug|Any CPU = Debug|Any CPU
	EndGlobalSection
	GlobalSection(ProjectConfigurationPlatforms) = postSolution
		{20565788-f411-eede-e0a2-7dfc0c56720d}.Debug|Any CPU.ActiveCfg = Debug|Any CPU
		{20565788-f411-eede-e0a2-7dfc0c56720d}.Debug|Any CPU.Build.0 = Debug|Any CPU
	EndGlobalSection
	GlobalSection(SolutionProperties) = preSolution
		HideSolutionNode = FALSE
	EndGlobalSection
EndGlobal
